
Microsoft Visual Studio Solution File, Format Version 12.00
# Visual Studio Version 17
VisualStudioVersion = 17.5.33530.505
MinimumVisualStudioVersion = 10.0.40219.1
Project("{9A19103F-16F7-4668-BE54-9A1E7A4F7556}") = "Fast.Template.Start.Domain", "src\Fast.Template.Start.Domain\Fast.Template.Start.Domain.csproj", "{554AD327-6DBA-4F8F-96F8-81CE7A0C863F}"
EndProject
Project("{9A19103F-16F7-4668-BE54-9A1E7A4F7556}") = "Fast.Template.Start.Application", "src\Fast.Template.Start.Application\Fast.Template.Start.Application.csproj", "{1A94A50E-06DC-43C1-80B5-B662820EC3EB}"
EndProject
Project("{9A19103F-16F7-4668-BE54-9A1E7A4F7556}") = "Fast.Template.Start.EntityFrameworkCore", "src\Fast.Template.Start.EntityFrameworkCore\Fast.Template.Start.EntityFrameworkCore.csproj", "{C956DD76-69C8-4A9C-83EA-D17DF83340FD}"
EndProject
Project("{2150E333-8FDC-42A3-9474-1A3956D46DE8}") = "src", "src", "{CA9AC87F-097E-4F15-8393-4BC07735A5B0}"
EndProject
Project("{2150E333-8FDC-42A3-9474-1A3956D46DE8}") = "test", "test", "{04DBDB01-70F4-4E06-B468-8F87850B22BE}"
EndProject
Project("{9A19103F-16F7-4668-BE54-9A1E7A4F7556}") = "Fast.Template.Start.Application.Tests", "test\Fast.Template.Start.Application.Tests\Fast.Template.Start.Application.Tests.csproj", "{50B2631D-129C-47B3-A587-029CCD6099BC}"
EndProject
Project("{9A19103F-16F7-4668-BE54-9A1E7A4F7556}") = "Fast.Template.Start.Domain.Shared", "src\Fast.Template.Start.Domain.Shared\Fast.Template.Start.Domain.Shared.csproj", "{42F719ED-8413-4895-B5B4-5AB56079BC66}"
EndProject
Project("{9A19103F-16F7-4668-BE54-9A1E7A4F7556}") = "Fast.Template.Start.Application.Contracts", "src\Fast.Template.Start.Application.Contracts\Fast.Template.Start.Application.Contracts.csproj", "{520659C8-C734-4298-A3DA-B539DB9DFC0B}"
EndProject
Project("{9A19103F-16F7-4668-BE54-9A1E7A4F7556}") = "Fast.Template.Start.HttpApi", "src\Fast.Template.Start.HttpApi\Fast.Template.Start.HttpApi.csproj", "{4164BDF7-F527-4E85-9CE6-E3C2D7426A27}"
EndProject
Project("{9A19103F-16F7-4668-BE54-9A1E7A4F7556}") = "Fast.Template.Start.HttpApi.Client", "src\Fast.Template.Start.HttpApi.Client\Fast.Template.Start.HttpApi.Client.csproj", "{3B5A0094-670D-4BB1-BFDD-61B88A8773DC}"
EndProject
Project("{9A19103F-16F7-4668-BE54-9A1E7A4F7556}") = "Fast.Template.Start.Web", "src\Fast.Template.Start.Web\Fast.Template.Start.Web.csproj", "{6FE54035-9C11-4702-A5E2-D16F23101468}"
EndProject
Project("{9A19103F-16F7-4668-BE54-9A1E7A4F7556}") = "Fast.Template.Start.AuthServer", "src\Fast.Template.Start.AuthServer\Fast.Template.Start.AuthServer.csproj", "{073C361E-B8F4-49F5-93CC-72A3FF49C026}"
EndProject
Project("{9A19103F-16F7-4668-BE54-9A1E7A4F7556}") = "Fast.Template.Start.HttpApi.Host", "src\Fast.Template.Start.HttpApi.Host\Fast.Template.Start.HttpApi.Host.csproj", "{E6D5BF0E-DE92-4D82-A352-EF04B37CB11C}"
EndProject
Project("{9A19103F-16F7-4668-BE54-9A1E7A4F7556}") = "Fast.Template.Start.EntityFrameworkCore.Tests", "test\Fast.Template.Start.EntityFrameworkCore.Tests\Fast.Template.Start.EntityFrameworkCore.Tests.csproj", "{1FE30EB9-74A9-47F5-A9F6-7B1FAB672D81}"
EndProject
Project("{9A19103F-16F7-4668-BE54-9A1E7A4F7556}") = "Fast.Template.Start.TestBase", "test\Fast.Template.Start.TestBase\Fast.Template.Start.TestBase.csproj", "{91853F21-9CD9-4132-BC29-A7D5D84FFFE7}"
EndProject
Project("{9A19103F-16F7-4668-BE54-9A1E7A4F7556}") = "Fast.Template.Start.Domain.Tests", "test\Fast.Template.Start.Domain.Tests\Fast.Template.Start.Domain.Tests.csproj", "{E512F4D9-9375-480F-A2F6-A46509F9D824}"
EndProject
Project("{9A19103F-16F7-4668-BE54-9A1E7A4F7556}") = "Fast.Template.Start.HttpApi.Client.ConsoleTestApp", "test\Fast.Template.Start.HttpApi.Client.ConsoleTestApp\Fast.Template.Start.HttpApi.Client.ConsoleTestApp.csproj", "{EF480016-9127-4916-8735-D2466BDBC582}"
EndProject
Project("{9A19103F-16F7-4668-BE54-9A1E7A4F7556}") = "Fast.Template.Start.DbMigrator", "src\Fast.Template.Start.DbMigrator\Fast.Template.Start.DbMigrator.csproj", "{AA94D832-1CCC-4715-95A9-A483F23A1A5D}"
EndProject
Project("{2150E333-8FDC-42A3-9474-1A3956D46DE8}") = "modules", "modules", "{53EA18AD-7351-440C-8CFE-654754858A3F}"
EndProject
Project("{2150E333-8FDC-42A3-9474-1A3956D46DE8}") = "Common", "Common", "{16937A11-C72E-43E5-976D-1E08254F2A33}"
EndProject
Project("{9A19103F-16F7-4668-BE54-9A1E7A4F7556}") = "Fast.Template.Common.Utils", "modules\Common\Fast.Template.Common.Utils\Fast.Template.Common.Utils.csproj", "{A4B25B4E-8A64-40DD-81CC-CC1CB9F2517E}"
EndProject
Project("{9A19103F-16F7-4668-BE54-9A1E7A4F7556}") = "Fast.Template.Common.Applicaiton", "modules\Common\Fast.Template.Common.Applicaiton\Fast.Template.Common.Applicaiton.csproj", "{BF5648D4-FB6F-498C-B371-C928C9B1E5C8}"
EndProject
Project("{2150E333-8FDC-42A3-9474-1A3956D46DE8}") = "IdsAdmin", "IdsAdmin", "{E56C13E4-AB53-4EAF-9D51-6D129AC1B05C}"
EndProject
Project("{9A19103F-16F7-4668-BE54-9A1E7A4F7556}") = "Fast.Template.IdsAdmin.Application", "modules\IdsAdmin\src\Fast.Template.IdsAdmin.Application\Fast.Template.IdsAdmin.Application.csproj", "{65F054F5-B2DE-4625-A860-CC79F8A3E4EA}"
EndProject
Project("{9A19103F-16F7-4668-BE54-9A1E7A4F7556}") = "Fast.Template.IdsAdmin.Application.Contracts", "modules\IdsAdmin\src\Fast.Template.IdsAdmin.Application.Contracts\Fast.Template.IdsAdmin.Application.Contracts.csproj", "{5D647697-5A52-4EC2-A13A-96CCE83362A1}"
EndProject
Project("{9A19103F-16F7-4668-BE54-9A1E7A4F7556}") = "Fast.Template.IdsAdmin.Domain", "modules\IdsAdmin\src\Fast.Template.IdsAdmin.Domain\Fast.Template.IdsAdmin.Domain.csproj", "{8B23C6BD-D702-4FD2-A977-B03FD0BC3683}"
EndProject
Project("{9A19103F-16F7-4668-BE54-9A1E7A4F7556}") = "Fast.Template.IdsAdmin.Domain.Shared", "modules\IdsAdmin\src\Fast.Template.IdsAdmin.Domain.Shared\Fast.Template.IdsAdmin.Domain.Shared.csproj", "{5ECAEF8E-B985-4577-B23F-22B1EFFEF418}"
EndProject
Project("{9A19103F-16F7-4668-BE54-9A1E7A4F7556}") = "Fast.Template.IdsAdmin.EntityFrameworkCore", "modules\IdsAdmin\src\Fast.Template.IdsAdmin.EntityFrameworkCore\Fast.Template.IdsAdmin.EntityFrameworkCore.csproj", "{EBB7776E-AA1E-4D51-A661-C23ED7D9E7B0}"
EndProject
Project("{9A19103F-16F7-4668-BE54-9A1E7A4F7556}") = "Fast.Template.IdsAdmin.HttpApi", "modules\IdsAdmin\src\Fast.Template.IdsAdmin.HttpApi\Fast.Template.IdsAdmin.HttpApi.csproj", "{59F3D4E0-6305-4A16-AFF2-4DE70C25D0A2}"
EndProject
Project("{9A19103F-16F7-4668-BE54-9A1E7A4F7556}") = "Fast.Template.IdsAdmin.HttpApi.Client", "modules\IdsAdmin\src\Fast.Template.IdsAdmin.HttpApi.Client\Fast.Template.IdsAdmin.HttpApi.Client.csproj", "{DBA765A7-27F2-46E3-AFDF-B5F6A96173D7}"
EndProject
Project("{9A19103F-16F7-4668-BE54-9A1E7A4F7556}") = "Fast.Template.Start.Web.Vue", "src\Fast.Template.Start.Web.Vue\Fast.Template.Start.Web.Vue.csproj", "{20C898E1-793A-4A15-BEC5-1C7DED80E432}"
EndProject
Project("{2150E333-8FDC-42A3-9474-1A3956D46DE8}") = "Basic", "Basic", "{BB287C90-5837-40C7-8F1B-43BA169913C3}"
EndProject
Project("{9A19103F-16F7-4668-BE54-9A1E7A4F7556}") = "Fast.Template.Basic.EntityFrameworkCore", "modules\Basic\src\Fast.Template.Basic.EntityFrameworkCore\Fast.Template.Basic.EntityFrameworkCore.csproj", "{15E687E5-3155-44BF-B715-B26E35530BE2}"
EndProject
Project("{9A19103F-16F7-4668-BE54-9A1E7A4F7556}") = "Fast.Template.Basic.Domain.Shared", "modules\Basic\src\Fast.Template.Basic.Domain.Shared\Fast.Template.Basic.Domain.Shared.csproj", "{6783A967-BF20-4B83-AA8A-ECC730A3DB19}"
EndProject
Project("{9A19103F-16F7-4668-BE54-9A1E7A4F7556}") = "Fast.Template.Basic.Domain", "modules\Basic\src\Fast.Template.Basic.Domain\Fast.Template.Basic.Domain.csproj", "{60E94651-C89B-4FAE-843B-D1DA264C444E}"
EndProject
Project("{9A19103F-16F7-4668-BE54-9A1E7A4F7556}") = "Fast.Template.Basic.Application.Contracts", "modules\Basic\src\Fast.Template.Basic.Application.Contracts\Fast.Template.Basic.Application.Contracts.csproj", "{FCDC536D-597B-46A1-948B-E152645DBB94}"
EndProject
Project("{9A19103F-16F7-4668-BE54-9A1E7A4F7556}") = "Fast.Template.Basic.Application", "modules\Basic\src\Fast.Template.Basic.Application\Fast.Template.Basic.Application.csproj", "{C0C55783-4877-42C3-A0E1-0149BA7B13E7}"
EndProject
Project("{9A19103F-16F7-4668-BE54-9A1E7A4F7556}") = "Fast.Template.Basic.HttpApi", "modules\Basic\src\Fast.Template.Basic.HttpApi\Fast.Template.Basic.HttpApi.csproj", "{B85DBD9D-7780-4FBB-B580-CD1983B31820}"
EndProject
Project("{9A19103F-16F7-4668-BE54-9A1E7A4F7556}") = "Fast.Template.Basic.HttpApi.Client", "modules\Basic\src\Fast.Template.Basic.HttpApi.Client\Fast.Template.Basic.HttpApi.Client.csproj", "{5B57AB0E-64F1-4F87-83F3-9DB98B48EDC4}"
EndProject
Project("{FAE04EC0-301F-11D3-BF4B-00C04F79EFBC}") = "Fast.Template.Common.Permission", "modules\Common\Fast.Template.Common.Permission\Fast.Template.Common.Permission.csproj", "{869EB33C-1622-4678-916C-4227DE11E930}"
EndProject
Global
	GlobalSection(SolutionConfigurationPlatforms) = preSolution
		Debug|Any CPU = Debug|Any CPU
		Release|Any CPU = Release|Any CPU
	EndGlobalSection
	GlobalSection(ProjectConfigurationPlatforms) = postSolution
		{554AD327-6DBA-4F8F-96F8-81CE7A0C863F}.Debug|Any CPU.ActiveCfg = Debug|Any CPU
		{554AD327-6DBA-4F8F-96F8-81CE7A0C863F}.Debug|Any CPU.Build.0 = Debug|Any CPU
		{554AD327-6DBA-4F8F-96F8-81CE7A0C863F}.Release|Any CPU.ActiveCfg = Release|Any CPU
		{554AD327-6DBA-4F8F-96F8-81CE7A0C863F}.Release|Any CPU.Build.0 = Release|Any CPU
		{1A94A50E-06DC-43C1-80B5-B662820EC3EB}.Debug|Any CPU.ActiveCfg = Debug|Any CPU
		{1A94A50E-06DC-43C1-80B5-B662820EC3EB}.Debug|Any CPU.Build.0 = Debug|Any CPU
		{1A94A50E-06DC-43C1-80B5-B662820EC3EB}.Release|Any CPU.ActiveCfg = Release|Any CPU
		{1A94A50E-06DC-43C1-80B5-B662820EC3EB}.Release|Any CPU.Build.0 = Release|Any CPU
		{C956DD76-69C8-4A9C-83EA-D17DF83340FD}.Debug|Any CPU.ActiveCfg = Debug|Any CPU
		{C956DD76-69C8-4A9C-83EA-D17DF83340FD}.Debug|Any CPU.Build.0 = Debug|Any CPU
		{C956DD76-69C8-4A9C-83EA-D17DF83340FD}.Release|Any CPU.ActiveCfg = Release|Any CPU
		{C956DD76-69C8-4A9C-83EA-D17DF83340FD}.Release|Any CPU.Build.0 = Release|Any CPU
		{50B2631D-129C-47B3-A587-029CCD6099BC}.Debug|Any CPU.ActiveCfg = Debug|Any CPU
		{50B2631D-129C-47B3-A587-029CCD6099BC}.Debug|Any CPU.Build.0 = Debug|Any CPU
		{50B2631D-129C-47B3-A587-029CCD6099BC}.Release|Any CPU.ActiveCfg = Release|Any CPU
		{50B2631D-129C-47B3-A587-029CCD6099BC}.Release|Any CPU.Build.0 = Release|Any CPU
		{42F719ED-8413-4895-B5B4-5AB56079BC66}.Debug|Any CPU.ActiveCfg = Debug|Any CPU
		{42F719ED-8413-4895-B5B4-5AB56079BC66}.Debug|Any CPU.Build.0 = Debug|Any CPU
		{42F719ED-8413-4895-B5B4-5AB56079BC66}.Release|Any CPU.ActiveCfg = Release|Any CPU
		{42F719ED-8413-4895-B5B4-5AB56079BC66}.Release|Any CPU.Build.0 = Release|Any CPU
		{520659C8-C734-4298-A3DA-B539DB9DFC0B}.Debug|Any CPU.ActiveCfg = Debug|Any CPU
		{520659C8-C734-4298-A3DA-B539DB9DFC0B}.Debug|Any CPU.Build.0 = Debug|Any CPU
		{520659C8-C734-4298-A3DA-B539DB9DFC0B}.Release|Any CPU.ActiveCfg = Release|Any CPU
		{520659C8-C734-4298-A3DA-B539DB9DFC0B}.Release|Any CPU.Build.0 = Release|Any CPU
		{4164BDF7-F527-4E85-9CE6-E3C2D7426A27}.Debug|Any CPU.ActiveCfg = Debug|Any CPU
		{4164BDF7-F527-4E85-9CE6-E3C2D7426A27}.Debug|Any CPU.Build.0 = Debug|Any CPU
		{4164BDF7-F527-4E85-9CE6-E3C2D7426A27}.Release|Any CPU.ActiveCfg = Release|Any CPU
		{4164BDF7-F527-4E85-9CE6-E3C2D7426A27}.Release|Any CPU.Build.0 = Release|Any CPU
		{3B5A0094-670D-4BB1-BFDD-61B88A8773DC}.Debug|Any CPU.ActiveCfg = Debug|Any CPU
		{3B5A0094-670D-4BB1-BFDD-61B88A8773DC}.Debug|Any CPU.Build.0 = Debug|Any CPU
		{3B5A0094-670D-4BB1-BFDD-61B88A8773DC}.Release|Any CPU.ActiveCfg = Release|Any CPU
		{3B5A0094-670D-4BB1-BFDD-61B88A8773DC}.Release|Any CPU.Build.0 = Release|Any CPU
		{6FE54035-9C11-4702-A5E2-D16F23101468}.Debug|Any CPU.ActiveCfg = Debug|Any CPU
		{6FE54035-9C11-4702-A5E2-D16F23101468}.Debug|Any CPU.Build.0 = Debug|Any CPU
		{6FE54035-9C11-4702-A5E2-D16F23101468}.Release|Any CPU.ActiveCfg = Release|Any CPU
		{6FE54035-9C11-4702-A5E2-D16F23101468}.Release|Any CPU.Build.0 = Release|Any CPU
		{073C361E-B8F4-49F5-93CC-72A3FF49C026}.Debug|Any CPU.ActiveCfg = Debug|Any CPU
		{073C361E-B8F4-49F5-93CC-72A3FF49C026}.Debug|Any CPU.Build.0 = Debug|Any CPU
		{073C361E-B8F4-49F5-93CC-72A3FF49C026}.Release|Any CPU.ActiveCfg = Release|Any CPU
		{073C361E-B8F4-49F5-93CC-72A3FF49C026}.Release|Any CPU.Build.0 = Release|Any CPU
		{E6D5BF0E-DE92-4D82-A352-EF04B37CB11C}.Debug|Any CPU.ActiveCfg = Debug|Any CPU
		{E6D5BF0E-DE92-4D82-A352-EF04B37CB11C}.Debug|Any CPU.Build.0 = Debug|Any CPU
		{E6D5BF0E-DE92-4D82-A352-EF04B37CB11C}.Release|Any CPU.ActiveCfg = Release|Any CPU
		{E6D5BF0E-DE92-4D82-A352-EF04B37CB11C}.Release|Any CPU.Build.0 = Release|Any CPU
		{1FE30EB9-74A9-47F5-A9F6-7B1FAB672D81}.Debug|Any CPU.ActiveCfg = Debug|Any CPU
		{1FE30EB9-74A9-47F5-A9F6-7B1FAB672D81}.Debug|Any CPU.Build.0 = Debug|Any CPU
		{1FE30EB9-74A9-47F5-A9F6-7B1FAB672D81}.Release|Any CPU.ActiveCfg = Release|Any CPU
		{1FE30EB9-74A9-47F5-A9F6-7B1FAB672D81}.Release|Any CPU.Build.0 = Release|Any CPU
		{91853F21-9CD9-4132-BC29-A7D5D84FFFE7}.Debug|Any CPU.ActiveCfg = Debug|Any CPU
		{91853F21-9CD9-4132-BC29-A7D5D84FFFE7}.Debug|Any CPU.Build.0 = Debug|Any CPU
		{91853F21-9CD9-4132-BC29-A7D5D84FFFE7}.Release|Any CPU.ActiveCfg = Release|Any CPU
		{91853F21-9CD9-4132-BC29-A7D5D84FFFE7}.Release|Any CPU.Build.0 = Release|Any CPU
		{E512F4D9-9375-480F-A2F6-A46509F9D824}.Debug|Any CPU.ActiveCfg = Debug|Any CPU
		{E512F4D9-9375-480F-A2F6-A46509F9D824}.Debug|Any CPU.Build.0 = Debug|Any CPU
		{E512F4D9-9375-480F-A2F6-A46509F9D824}.Release|Any CPU.ActiveCfg = Release|Any CPU
		{E512F4D9-9375-480F-A2F6-A46509F9D824}.Release|Any CPU.Build.0 = Release|Any CPU
		{EF480016-9127-4916-8735-D2466BDBC582}.Debug|Any CPU.ActiveCfg = Debug|Any CPU
		{EF480016-9127-4916-8735-D2466BDBC582}.Debug|Any CPU.Build.0 = Debug|Any CPU
		{EF480016-9127-4916-8735-D2466BDBC582}.Release|Any CPU.ActiveCfg = Release|Any CPU
		{EF480016-9127-4916-8735-D2466BDBC582}.Release|Any CPU.Build.0 = Release|Any CPU
		{AA94D832-1CCC-4715-95A9-A483F23A1A5D}.Debug|Any CPU.ActiveCfg = Debug|Any CPU
		{AA94D832-1CCC-4715-95A9-A483F23A1A5D}.Debug|Any CPU.Build.0 = Debug|Any CPU
		{AA94D832-1CCC-4715-95A9-A483F23A1A5D}.Release|Any CPU.ActiveCfg = Release|Any CPU
		{AA94D832-1CCC-4715-95A9-A483F23A1A5D}.Release|Any CPU.Build.0 = Release|Any CPU
		{A4B25B4E-8A64-40DD-81CC-CC1CB9F2517E}.Debug|Any CPU.ActiveCfg = Debug|Any CPU
		{A4B25B4E-8A64-40DD-81CC-CC1CB9F2517E}.Debug|Any CPU.Build.0 = Debug|Any CPU
		{A4B25B4E-8A64-40DD-81CC-CC1CB9F2517E}.Release|Any CPU.ActiveCfg = Release|Any CPU
		{A4B25B4E-8A64-40DD-81CC-CC1CB9F2517E}.Release|Any CPU.Build.0 = Release|Any CPU
		{BF5648D4-FB6F-498C-B371-C928C9B1E5C8}.Debug|Any CPU.ActiveCfg = Debug|Any CPU
		{BF5648D4-FB6F-498C-B371-C928C9B1E5C8}.Debug|Any CPU.Build.0 = Debug|Any CPU
		{BF5648D4-FB6F-498C-B371-C928C9B1E5C8}.Release|Any CPU.ActiveCfg = Release|Any CPU
		{BF5648D4-FB6F-498C-B371-C928C9B1E5C8}.Release|Any CPU.Build.0 = Release|Any CPU
		{65F054F5-B2DE-4625-A860-CC79F8A3E4EA}.Debug|Any CPU.ActiveCfg = Debug|Any CPU
		{65F054F5-B2DE-4625-A860-CC79F8A3E4EA}.Debug|Any CPU.Build.0 = Debug|Any CPU
		{65F054F5-B2DE-4625-A860-CC79F8A3E4EA}.Release|Any CPU.ActiveCfg = Release|Any CPU
		{65F054F5-B2DE-4625-A860-CC79F8A3E4EA}.Release|Any CPU.Build.0 = Release|Any CPU
		{5D647697-5A52-4EC2-A13A-96CCE83362A1}.Debug|Any CPU.ActiveCfg = Debug|Any CPU
		{5D647697-5A52-4EC2-A13A-96CCE83362A1}.Debug|Any CPU.Build.0 = Debug|Any CPU
		{5D647697-5A52-4EC2-A13A-96CCE83362A1}.Release|Any CPU.ActiveCfg = Release|Any CPU
		{5D647697-5A52-4EC2-A13A-96CCE83362A1}.Release|Any CPU.Build.0 = Release|Any CPU
		{8B23C6BD-D702-4FD2-A977-B03FD0BC3683}.Debug|Any CPU.ActiveCfg = Debug|Any CPU
		{8B23C6BD-D702-4FD2-A977-B03FD0BC3683}.Debug|Any CPU.Build.0 = Debug|Any CPU
		{8B23C6BD-D702-4FD2-A977-B03FD0BC3683}.Release|Any CPU.ActiveCfg = Release|Any CPU
		{8B23C6BD-D702-4FD2-A977-B03FD0BC3683}.Release|Any CPU.Build.0 = Release|Any CPU
		{5ECAEF8E-B985-4577-B23F-22B1EFFEF418}.Debug|Any CPU.ActiveCfg = Debug|Any CPU
		{5ECAEF8E-B985-4577-B23F-22B1EFFEF418}.Debug|Any CPU.Build.0 = Debug|Any CPU
		{5ECAEF8E-B985-4577-B23F-22B1EFFEF418}.Release|Any CPU.ActiveCfg = Release|Any CPU
		{5ECAEF8E-B985-4577-B23F-22B1EFFEF418}.Release|Any CPU.Build.0 = Release|Any CPU
		{EBB7776E-AA1E-4D51-A661-C23ED7D9E7B0}.Debug|Any CPU.ActiveCfg = Debug|Any CPU
		{EBB7776E-AA1E-4D51-A661-C23ED7D9E7B0}.Debug|Any CPU.Build.0 = Debug|Any CPU
		{EBB7776E-AA1E-4D51-A661-C23ED7D9E7B0}.Release|Any CPU.ActiveCfg = Release|Any CPU
		{EBB7776E-AA1E-4D51-A661-C23ED7D9E7B0}.Release|Any CPU.Build.0 = Release|Any CPU
		{59F3D4E0-6305-4A16-AFF2-4DE70C25D0A2}.Debug|Any CPU.ActiveCfg = Debug|Any CPU
		{59F3D4E0-6305-4A16-AFF2-4DE70C25D0A2}.Debug|Any CPU.Build.0 = Debug|Any CPU
		{59F3D4E0-6305-4A16-AFF2-4DE70C25D0A2}.Release|Any CPU.ActiveCfg = Release|Any CPU
		{59F3D4E0-6305-4A16-AFF2-4DE70C25D0A2}.Release|Any CPU.Build.0 = Release|Any CPU
		{DBA765A7-27F2-46E3-AFDF-B5F6A96173D7}.Debug|Any CPU.ActiveCfg = Debug|Any CPU
		{DBA765A7-27F2-46E3-AFDF-B5F6A96173D7}.Debug|Any CPU.Build.0 = Debug|Any CPU
		{DBA765A7-27F2-46E3-AFDF-B5F6A96173D7}.Release|Any CPU.ActiveCfg = Release|Any CPU
		{DBA765A7-27F2-46E3-AFDF-B5F6A96173D7}.Release|Any CPU.Build.0 = Release|Any CPU
		{20C898E1-793A-4A15-BEC5-1C7DED80E432}.Debug|Any CPU.ActiveCfg = Debug|Any CPU
		{20C898E1-793A-4A15-BEC5-1C7DED80E432}.Debug|Any CPU.Build.0 = Debug|Any CPU
		{20C898E1-793A-4A15-BEC5-1C7DED80E432}.Release|Any CPU.ActiveCfg = Release|Any CPU
		{20C898E1-793A-4A15-BEC5-1C7DED80E432}.Release|Any CPU.Build.0 = Release|Any CPU
		{15E687E5-3155-44BF-B715-B26E35530BE2}.Debug|Any CPU.ActiveCfg = Debug|Any CPU
		{15E687E5-3155-44BF-B715-B26E35530BE2}.Debug|Any CPU.Build.0 = Debug|Any CPU
		{15E687E5-3155-44BF-B715-B26E35530BE2}.Release|Any CPU.ActiveCfg = Release|Any CPU
		{15E687E5-3155-44BF-B715-B26E35530BE2}.Release|Any CPU.Build.0 = Release|Any CPU
		{6783A967-BF20-4B83-AA8A-ECC730A3DB19}.Debug|Any CPU.ActiveCfg = Debug|Any CPU
		{6783A967-BF20-4B83-AA8A-ECC730A3DB19}.Debug|Any CPU.Build.0 = Debug|Any CPU
		{6783A967-BF20-4B83-AA8A-ECC730A3DB19}.Release|Any CPU.ActiveCfg = Release|Any CPU
		{6783A967-BF20-4B83-AA8A-ECC730A3DB19}.Release|Any CPU.Build.0 = Release|Any CPU
		{60E94651-C89B-4FAE-843B-D1DA264C444E}.Debug|Any CPU.ActiveCfg = Debug|Any CPU
		{60E94651-C89B-4FAE-843B-D1DA264C444E}.Debug|Any CPU.Build.0 = Debug|Any CPU
		{60E94651-C89B-4FAE-843B-D1DA264C444E}.Release|Any CPU.ActiveCfg = Release|Any CPU
		{60E94651-C89B-4FAE-843B-D1DA264C444E}.Release|Any CPU.Build.0 = Release|Any CPU
		{FCDC536D-597B-46A1-948B-E152645DBB94}.Debug|Any CPU.ActiveCfg = Debug|Any CPU
		{FCDC536D-597B-46A1-948B-E152645DBB94}.Debug|Any CPU.Build.0 = Debug|Any CPU
		{FCDC536D-597B-46A1-948B-E152645DBB94}.Release|Any CPU.ActiveCfg = Release|Any CPU
		{FCDC536D-597B-46A1-948B-E152645DBB94}.Release|Any CPU.Build.0 = Release|Any CPU
		{C0C55783-4877-42C3-A0E1-0149BA7B13E7}.Debug|Any CPU.ActiveCfg = Debug|Any CPU
		{C0C55783-4877-42C3-A0E1-0149BA7B13E7}.Debug|Any CPU.Build.0 = Debug|Any CPU
		{C0C55783-4877-42C3-A0E1-0149BA7B13E7}.Release|Any CPU.ActiveCfg = Release|Any CPU
		{C0C55783-4877-42C3-A0E1-0149BA7B13E7}.Release|Any CPU.Build.0 = Release|Any CPU
		{B85DBD9D-7780-4FBB-B580-CD1983B31820}.Debug|Any CPU.ActiveCfg = Debug|Any CPU
		{B85DBD9D-7780-4FBB-B580-CD1983B31820}.Debug|Any CPU.Build.0 = Debug|Any CPU
		{B85DBD9D-7780-4FBB-B580-CD1983B31820}.Release|Any CPU.ActiveCfg = Release|Any CPU
		{B85DBD9D-7780-4FBB-B580-CD1983B31820}.Release|Any CPU.Build.0 = Release|Any CPU
		{5B57AB0E-64F1-4F87-83F3-9DB98B48EDC4}.Debug|Any CPU.ActiveCfg = Debug|Any CPU
		{5B57AB0E-64F1-4F87-83F3-9DB98B48EDC4}.Debug|Any CPU.Build.0 = Debug|Any CPU
		{5B57AB0E-64F1-4F87-83F3-9DB98B48EDC4}.Release|Any CPU.ActiveCfg = Release|Any CPU
		{5B57AB0E-64F1-4F87-83F3-9DB98B48EDC4}.Release|Any CPU.Build.0 = Release|Any CPU
		{869EB33C-1622-4678-916C-4227DE11E930}.Debug|Any CPU.ActiveCfg = Debug|Any CPU
		{869EB33C-1622-4678-916C-4227DE11E930}.Debug|Any CPU.Build.0 = Debug|Any CPU
		{869EB33C-1622-4678-916C-4227DE11E930}.Release|Any CPU.ActiveCfg = Release|Any CPU
		{869EB33C-1622-4678-916C-4227DE11E930}.Release|Any CPU.Build.0 = Release|Any CPU
	EndGlobalSection
	GlobalSection(SolutionProperties) = preSolution
		HideSolutionNode = FALSE
	EndGlobalSection
	GlobalSection(NestedProjects) = preSolution
		{554AD327-6DBA-4F8F-96F8-81CE7A0C863F} = {CA9AC87F-097E-4F15-8393-4BC07735A5B0}
		{1A94A50E-06DC-43C1-80B5-B662820EC3EB} = {CA9AC87F-097E-4F15-8393-4BC07735A5B0}
		{C956DD76-69C8-4A9C-83EA-D17DF83340FD} = {CA9AC87F-097E-4F15-8393-4BC07735A5B0}
		{50B2631D-129C-47B3-A587-029CCD6099BC} = {04DBDB01-70F4-4E06-B468-8F87850B22BE}
		{42F719ED-8413-4895-B5B4-5AB56079BC66} = {CA9AC87F-097E-4F15-8393-4BC07735A5B0}
		{520659C8-C734-4298-A3DA-B539DB9DFC0B} = {CA9AC87F-097E-4F15-8393-4BC07735A5B0}
		{4164BDF7-F527-4E85-9CE6-E3C2D7426A27} = {CA9AC87F-097E-4F15-8393-4BC07735A5B0}
		{3B5A0094-670D-4BB1-BFDD-61B88A8773DC} = {CA9AC87F-097E-4F15-8393-4BC07735A5B0}
		{6FE54035-9C11-4702-A5E2-D16F23101468} = {CA9AC87F-097E-4F15-8393-4BC07735A5B0}
		{073C361E-B8F4-49F5-93CC-72A3FF49C026} = {CA9AC87F-097E-4F15-8393-4BC07735A5B0}
		{E6D5BF0E-DE92-4D82-A352-EF04B37CB11C} = {CA9AC87F-097E-4F15-8393-4BC07735A5B0}
		{1FE30EB9-74A9-47F5-A9F6-7B1FAB672D81} = {04DBDB01-70F4-4E06-B468-8F87850B22BE}
		{91853F21-9CD9-4132-BC29-A7D5D84FFFE7} = {04DBDB01-70F4-4E06-B468-8F87850B22BE}
		{E512F4D9-9375-480F-A2F6-A46509F9D824} = {04DBDB01-70F4-4E06-B468-8F87850B22BE}
		{EF480016-9127-4916-8735-D2466BDBC582} = {04DBDB01-70F4-4E06-B468-8F87850B22BE}
		{AA94D832-1CCC-4715-95A9-A483F23A1A5D} = {CA9AC87F-097E-4F15-8393-4BC07735A5B0}
		{16937A11-C72E-43E5-976D-1E08254F2A33} = {53EA18AD-7351-440C-8CFE-654754858A3F}
		{A4B25B4E-8A64-40DD-81CC-CC1CB9F2517E} = {16937A11-C72E-43E5-976D-1E08254F2A33}
		{BF5648D4-FB6F-498C-B371-C928C9B1E5C8} = {16937A11-C72E-43E5-976D-1E08254F2A33}
		{E56C13E4-AB53-4EAF-9D51-6D129AC1B05C} = {53EA18AD-7351-440C-8CFE-654754858A3F}
		{65F054F5-B2DE-4625-A860-CC79F8A3E4EA} = {E56C13E4-AB53-4EAF-9D51-6D129AC1B05C}
		{5D647697-5A52-4EC2-A13A-96CCE83362A1} = {E56C13E4-AB53-4EAF-9D51-6D129AC1B05C}
		{8B23C6BD-D702-4FD2-A977-B03FD0BC3683} = {E56C13E4-AB53-4EAF-9D51-6D129AC1B05C}
		{5ECAEF8E-B985-4577-B23F-22B1EFFEF418} = {E56C13E4-AB53-4EAF-9D51-6D129AC1B05C}
		{EBB7776E-AA1E-4D51-A661-C23ED7D9E7B0} = {E56C13E4-AB53-4EAF-9D51-6D129AC1B05C}
		{59F3D4E0-6305-4A16-AFF2-4DE70C25D0A2} = {E56C13E4-AB53-4EAF-9D51-6D129AC1B05C}
		{DBA765A7-27F2-46E3-AFDF-B5F6A96173D7} = {E56C13E4-AB53-4EAF-9D51-6D129AC1B05C}
		{20C898E1-793A-4A15-BEC5-1C7DED80E432} = {CA9AC87F-097E-4F15-8393-4BC07735A5B0}
		{BB287C90-5837-40C7-8F1B-43BA169913C3} = {53EA18AD-7351-440C-8CFE-654754858A3F}
		{15E687E5-3155-44BF-B715-B26E35530BE2} = {BB287C90-5837-40C7-8F1B-43BA169913C3}
		{6783A967-BF20-4B83-AA8A-ECC730A3DB19} = {BB287C90-5837-40C7-8F1B-43BA169913C3}
		{60E94651-C89B-4FAE-843B-D1DA264C444E} = {BB287C90-5837-40C7-8F1B-43BA169913C3}
		{FCDC536D-597B-46A1-948B-E152645DBB94} = {BB287C90-5837-40C7-8F1B-43BA169913C3}
		{C0C55783-4877-42C3-A0E1-0149BA7B13E7} = {BB287C90-5837-40C7-8F1B-43BA169913C3}
		{B85DBD9D-7780-4FBB-B580-CD1983B31820} = {BB287C90-5837-40C7-8F1B-43BA169913C3}
		{5B57AB0E-64F1-4F87-83F3-9DB98B48EDC4} = {BB287C90-5837-40C7-8F1B-43BA169913C3}
		{869EB33C-1622-4678-916C-4227DE11E930} = {16937A11-C72E-43E5-976D-1E08254F2A33}
	EndGlobalSection
	GlobalSection(ExtensibilityGlobals) = postSolution
		SolutionGuid = {28315BFD-90E7-4E14-A2EA-F3D23AF4126F}
	EndGlobalSection
EndGlobal
